
Microsoft Visual Studio Solution File, Format Version 12.00
# Visual Studio Version 17
VisualStudioVersion = 17.0.32002.185
MinimumVisualStudioVersion = 10.0.40219.1
Project("{FAE04EC0-301F-11D3-BF4B-00C04F79EFBC}") = "spacegame_server", "spacegame_server.csproj", "{A1A4F39A-1BAD-4260-8790-09939A35B994}"
EndProject
Global
	GlobalSection(SolutionConfigurationPlatforms) = preSolution
		Debug|Any CPU = Debug|Any CPU
		Release|Any CPU = Release|Any CPU
	EndGlobalSection
	GlobalSection(ProjectConfigurationPlatforms) = postSolution
		{A1A4F39A-1BAD-4260-8790-09939A35B994}.Debug|Any CPU.ActiveCfg = Debug|Any CPU
		{A1A4F39A-1BAD-4260-8790-09939A35B994}.Debug|Any CPU.Build.0 = Debug|Any CPU
		{A1A4F39A-1BAD-4260-8790-09939A35B994}.Release|Any CPU.ActiveCfg = Release|Any CPU
		{A1A4F39A-1BAD-4260-8790-09939A35B994}.Release|Any CPU.Build.0 = Release|Any CPU
	EndGlobalSection
	GlobalSection(SolutionProperties) = preSolution
		HideSolutionNode = FALSE
	EndGlobalSection
	GlobalSection(ExtensibilityGlobals) = postSolution
		SolutionGuid = {71E4B5B0-19CD-4795-A607-264D2109FAC4}
	EndGlobalSection
EndGlobal
